
Microsoft Visual Studio Solution File, Format Version 12.00
# Visual Studio Version 17
VisualStudioVersion = 17.6.33815.320
MinimumVisualStudioVersion = 10.0.40219.1
Project("{FAE04EC0-301F-11D3-BF4B-00C04F79EFBC}") = "add", "add.csproj", "{31465377-8E9B-49E4-8FE5-DF8981D856B3}"
EndProject
Global
	GlobalSection(SolutionConfigurationPlatforms) = preSolution
		Debug|Any CPU = Debug|Any CPU
		Release|Any CPU = Release|Any CPU
	EndGlobalSection
	GlobalSection(ProjectConfigurationPlatforms) = postSolution
		{31465377-8E9B-49E4-8FE5-DF8981D856B3}.Debug|Any CPU.ActiveCfg = Debug|Any CPU
		{31465377-8E9B-49E4-8FE5-DF8981D856B3}.Debug|Any CPU.Build.0 = Debug|Any CPU
		{31465377-8E9B-49E4-8FE5-DF8981D856B3}.Release|Any CPU.ActiveCfg = Release|Any CPU
		{31465377-8E9B-49E4-8FE5-DF8981D856B3}.Release|Any CPU.Build.0 = Release|Any CPU
	EndGlobalSection
	GlobalSection(SolutionProperties) = preSolution
		HideSolutionNode = FALSE
	EndGlobalSection
	GlobalSection(ExtensibilityGlobals) = postSolution
		SolutionGuid = {BAE0274A-C40A-488D-8D25-7AF02E0696D7}
	EndGlobalSection
EndGlobal
